// !$*UTF8*$!
{
	archiveVersion = 1;
	classes = {
	};
	objectVersion = 46;
	objects = {

/* Begin PBXBuildFile section */
		007F333F19E85B29009C629C /* main.m in Sources */ = {isa = PBXBuildFile; fileRef = 007F333E19E85B29009C629C /* main.m */; };
		007F334219E85B29009C629C /* AppDelegate.m in Sources */ = {isa = PBXBuildFile; fileRef = 007F334119E85B29009C629C /* AppDelegate.m */; };
		007F334819E85B29009C629C /* Main.storyboard in Resources */ = {isa = PBXBuildFile; fileRef = 007F334619E85B29009C629C /* Main.storyboard */; };
		007F334A19E85B29009C629C /* Images.xcassets in Resources */ = {isa = PBXBuildFile; fileRef = 007F334919E85B29009C629C /* Images.xcassets */; };
		007F334D19E85B29009C629C /* LaunchScreen.xib in Resources */ = {isa = PBXBuildFile; fileRef = 007F334B19E85B29009C629C /* LaunchScreen.xib */; };
		007F335919E85B29009C629C /* NSUser_Defaulte__Segues__and_Protocols_SolutionTests.m in Sources */ = {isa = PBXBuildFile; fileRef = 007F335819E85B29009C629C /* NSUser_Defaulte__Segues__and_Protocols_SolutionTests.m */; };
		007F336419E85BBB009C629C /* SignInViewController.m in Sources */ = {isa = PBXBuildFile; fileRef = 007F336319E85BBB009C629C /* SignInViewController.m */; };
		007F336819E85BDE009C629C /* CreateAccountViewController.m in Sources */ = {isa = PBXBuildFile; fileRef = 007F336719E85BDE009C629C /* CreateAccountViewController.m */; };
		007F336C19E85C68009C629C /* ViewController.m in Sources */ = {isa = PBXBuildFile; fileRef = 007F336B19E85C68009C629C /* ViewController.m */; };
/* End PBXBuildFile section */

/* Begin PBXContainerItemProxy section */
		007F335319E85B29009C629C /* PBXContainerItemProxy */ = {
			isa = PBXContainerItemProxy;
			containerPortal = 007F333119E85B29009C629C /* Project object */;
			proxyType = 1;
			remoteGlobalIDString = 007F333819E85B29009C629C;
			remoteInfo = "NSUser Defaulte, Segues, and Protocols Solution";
		};
/* End PBXContainerItemProxy section */

/* Begin PBXFileReference section */
		007F333919E85B29009C629C /* NSUser Defaulte, Segues, and Protocols Solution.app */ = {isa = PBXFileReference; explicitFileType = wrapper.application; includeInIndex = 0; path = "NSUser Defaulte, Segues, and Protocols Solution.app"; sourceTree = BUILT_PRODUCTS_DIR; };
		007F333D19E85B29009C629C /* Info.plist */ = {isa = PBXFileReference; lastKnownFileType = text.plist.xml; path = Info.plist; sourceTree = "<group>"; };
		007F333E19E85B29009C629C /* main.m */ = {isa = PBXFileReference; lastKnownFileType = sourcecode.c.objc; path = main.m; sourceTree = "<group>"; };
		007F334019E85B29009C629C /* AppDelegate.h */ = {isa = PBXFileReference; lastKnownFileType = sourcecode.c.h; path = AppDelegate.h; sourceTree = "<group>"; };
		007F334119E85B29009C629C /* AppDelegate.m */ = {isa = PBXFileReference; lastKnownFileType = sourcecode.c.objc; path = AppDelegate.m; sourceTree = "<group>"; };
		007F334719E85B29009C629C /* Base */ = {isa = PBXFileReference; lastKnownFileType = file.storyboard; name = Base; path = Base.lproj/Main.storyboard; sourceTree = "<group>"; };
		007F334919E85B29009C629C /* Images.xcassets */ = {isa = PBXFileReference; lastKnownFileType = folder.assetcatalog; path = Images.xcassets; sourceTree = "<group>"; };
		007F334C19E85B29009C629C /* Base */ = {isa = PBXFileReference; lastKnownFileType = file.xib; name = Base; path = Base.lproj/LaunchScreen.xib; sourceTree = "<group>"; };
		007F335219E85B29009C629C /* NSUser Defaulte, Segues, and Protocols SolutionTests.xctest */ = {isa = PBXFileReference; explicitFileType = wrapper.cfbundle; includeInIndex = 0; path = "NSUser Defaulte, Segues, and Protocols SolutionTests.xctest"; sourceTree = BUILT_PRODUCTS_DIR; };
		007F335719E85B29009C629C /* Info.plist */ = {isa = PBXFileReference; lastKnownFileType = text.plist.xml; path = Info.plist; sourceTree = "<group>"; };
		007F335819E85B29009C629C /* NSUser_Defaulte__Segues__and_Protocols_SolutionTests.m */ = {isa = PBXFileReference; lastKnownFileType = sourcecode.c.objc; path = NSUser_Defaulte__Segues__and_Protocols_SolutionTests.m; sourceTree = "<group>"; };
		007F336219E85BBB009C629C /* SignInViewController.h */ = {isa = PBXFileReference; fileEncoding = 4; lastKnownFileType = sourcecode.c.h; path = SignInViewController.h; sourceTree = "<group>"; };
		007F336319E85BBB009C629C /* SignInViewController.m */ = {isa = PBXFileReference; fileEncoding = 4; lastKnownFileType = sourcecode.c.objc; path = SignInViewController.m; sourceTree = "<group>"; };
		007F336619E85BDE009C629C /* CreateAccountViewController.h */ = {isa = PBXFileReference; fileEncoding = 4; lastKnownFileType = sourcecode.c.h; path = CreateAccountViewController.h; sourceTree = "<group>"; };
		007F336719E85BDE009C629C /* CreateAccountViewController.m */ = {isa = PBXFileReference; fileEncoding = 4; lastKnownFileType = sourcecode.c.objc; path = CreateAccountViewController.m; sourceTree = "<group>"; };
		007F336A19E85C68009C629C /* ViewController.h */ = {isa = PBXFileReference; fileEncoding = 4; lastKnownFileType = sourcecode.c.h; path = ViewController.h; sourceTree = "<group>"; };
		007F336B19E85C68009C629C /* ViewController.m */ = {isa = PBXFileReference; fileEncoding = 4; lastKnownFileType = sourcecode.c.objc; path = ViewController.m; sourceTree = "<group>"; };
/* End PBXFileReference section */

/* Begin PBXFrameworksBuildPhase section */
		007F333619E85B29009C629C /* Frameworks */ = {
			isa = PBXFrameworksBuildPhase;
			buildActionMask = 2147483647;
			files = (
			);
			runOnlyForDeploymentPostprocessing = 0;
		};
		007F334F19E85B29009C629C /* Frameworks */ = {
			isa = PBXFrameworksBuildPhase;
			buildActionMask = 2147483647;
			files = (
			);
			runOnlyForDeploymentPostprocessing = 0;
		};
/* End PBXFrameworksBuildPhase section */

/* Begin PBXGroup section */
		007F333019E85B29009C629C = {
			isa = PBXGroup;
			children = (
				007F333B19E85B29009C629C /* NSUser Defaulte, Segues, and Protocols Solution */,
				007F335519E85B29009C629C /* NSUser Defaulte, Segues, and Protocols SolutionTests */,
				007F333A19E85B29009C629C /* Products */,
			);
			sourceTree = "<group>";
		};
		007F333A19E85B29009C629C /* Products */ = {
			isa = PBXGroup;
			children = (
				007F333919E85B29009C629C /* NSUser Defaulte, Segues, and Protocols Solution.app */,
				007F335219E85B29009C629C /* NSUser Defaulte, Segues, and Protocols SolutionTests.xctest */,
			);
			name = Products;
			sourceTree = "<group>";
		};
		007F333B19E85B29009C629C /* NSUser Defaulte, Segues, and Protocols Solution */ = {
			isa = PBXGroup;
			children = (
				007F334019E85B29009C629C /* AppDelegate.h */,
				007F334119E85B29009C629C /* AppDelegate.m */,
				007F334619E85B29009C629C /* Main.storyboard */,
				007F336519E85BC2009C629C /* Sign in VC */,
				007F336D19E85C6E009C629C /* View Controller */,
				007F336919E85BE3009C629C /* Create Account VC */,
				007F334919E85B29009C629C /* Images.xcassets */,
				007F334B19E85B29009C629C /* LaunchScreen.xib */,
				007F333C19E85B29009C629C /* Supporting Files */,
			);
			path = "NSUser Defaulte, Segues, and Protocols Solution";
			sourceTree = "<group>";
		};
		007F333C19E85B29009C629C /* Supporting Files */ = {
			isa = PBXGroup;
			children = (
				007F333D19E85B29009C629C /* Info.plist */,
				007F333E19E85B29009C629C /* main.m */,
			);
			name = "Supporting Files";
			sourceTree = "<group>";
		};
		007F335519E85B29009C629C /* NSUser Defaulte, Segues, and Protocols SolutionTests */ = {
			isa = PBXGroup;
			children = (
				007F335819E85B29009C629C /* NSUser_Defaulte__Segues__and_Protocols_SolutionTests.m */,
				007F335619E85B29009C629C /* Supporting Files */,
			);
			path = "NSUser Defaulte, Segues, and Protocols SolutionTests";
			sourceTree = "<group>";
		};
		007F335619E85B29009C629C /* Supporting Files */ = {
			isa = PBXGroup;
			children = (
				007F335719E85B29009C629C /* Info.plist */,
			);
			name = "Supporting Files";
			sourceTree = "<group>";
		};
		007F336519E85BC2009C629C /* Sign in VC */ = {
			isa = PBXGroup;
			children = (
				007F336219E85BBB009C629C /* SignInViewController.h */,
				007F336319E85BBB009C629C /* SignInViewController.m */,
			);
			name = "Sign in VC";
			sourceTree = "<group>";
		};
		007F336919E85BE3009C629C /* Create Account VC */ = {
			isa = PBXGroup;
			children = (
				007F336619E85BDE009C629C /* CreateAccountViewController.h */,
				007F336719E85BDE009C629C /* CreateAccountViewController.m */,
			);
			name = "Create Account VC";
			sourceTree = "<group>";
		};
		007F336D19E85C6E009C629C /* View Controller */ = {
			isa = PBXGroup;
			children = (
				007F336A19E85C68009C629C /* ViewController.h */,
				007F336B19E85C68009C629C /* ViewController.m */,
			);
			name = "View Controller";
			sourceTree = "<group>";
		};
/* End PBXGroup section */

/* Begin PBXNativeTarget section */
		007F333819E85B29009C629C /* NSUser Defaulte, Segues, and Protocols Solution */ = {
			isa = PBXNativeTarget;
			buildConfigurationList = 007F335C19E85B29009C629C /* Build configuration list for PBXNativeTarget "NSUser Defaulte, Segues, and Protocols Solution" */;
			buildPhases = (
				007F333519E85B29009C629C /* Sources */,
				007F333619E85B29009C629C /* Frameworks */,
				007F333719E85B29009C629C /* Resources */,
			);
			buildRules = (
			);
			dependencies = (
			);
			name = "NSUser Defaulte, Segues, and Protocols Solution";
			productName = "NSUser Defaulte, Segues, and Protocols Solution";
			productReference = 007F333919E85B29009C629C /* NSUser Defaulte, Segues, and Protocols Solution.app */;
			productType = "com.apple.product-type.application";
		};
		007F335119E85B29009C629C /* NSUser Defaulte, Segues, and Protocols SolutionTests */ = {
			isa = PBXNativeTarget;
			buildConfigurationList = 007F335F19E85B29009C629C /* Build configuration list for PBXNativeTarget "NSUser Defaulte, Segues, and Protocols SolutionTests" */;
			buildPhases = (
				007F334E19E85B29009C629C /* Sources */,
				007F334F19E85B29009C629C /* Frameworks */,
				007F335019E85B29009C629C /* Resources */,
			);
			buildRules = (
			);
			dependencies = (
				007F335419E85B29009C629C /* PBXTargetDependency */,
			);
			name = "NSUser Defaulte, Segues, and Protocols SolutionTests";
			productName = "NSUser Defaulte, Segues, and Protocols SolutionTests";
			productReference = 007F335219E85B29009C629C /* NSUser Defaulte, Segues, and Protocols SolutionTests.xctest */;
			productType = "com.apple.product-type.bundle.unit-test";
		};
/* End PBXNativeTarget section */

/* Begin PBXProject section */
		007F333119E85B29009C629C /* Project object */ = {
			isa = PBXProject;
			attributes = {
				LastUpgradeCheck = 0600;
				ORGANIZATIONNAME = "Brian Starr";
				TargetAttributes = {
					007F333819E85B29009C629C = {
						CreatedOnToolsVersion = 6.0.1;
					};
					007F335119E85B29009C629C = {
						CreatedOnToolsVersion = 6.0.1;
						TestTargetID = 007F333819E85B29009C629C;
					};
				};
			};
			buildConfigurationList = 007F333419E85B29009C629C /* Build configuration list for PBXProject "NSUser Defaulte, Segues, and Protocols Solution" */;
			compatibilityVersion = "Xcode 3.2";
			developmentRegion = English;
			hasScannedForEncodings = 0;
			knownRegions = (
				en,
				Base,
			);
			mainGroup = 007F333019E85B29009C629C;
			productRefGroup = 007F333A19E85B29009C629C /* Products */;
			projectDirPath = "";
			projectRoot = "";
			targets = (
				007F333819E85B29009C629C /* NSUser Defaulte, Segues, and Protocols Solution */,
				007F335119E85B29009C629C /* NSUser Defaulte, Segues, and Protocols SolutionTests */,
			);
		};
/* End PBXProject section */

/* Begin PBXResourcesBuildPhase section */
		007F333719E85B29009C629C /* Resources */ = {
			isa = PBXResourcesBuildPhase;
			buildActionMask = 2147483647;
			files = (
				007F334819E85B29009C629C /* Main.storyboard in Resources */,
				007F334D19E85B29009C629C /* LaunchScreen.xib in Resources */,
				007F334A19E85B29009C629C /* Images.xcassets in Resources */,
			);
			runOnlyForDeploymentPostprocessing = 0;
		};
		007F335019E85B29009C629C /* Resources */ = {
			isa = PBXResourcesBuildPhase;
			buildActionMask = 2147483647;
			files = (
			);
			runOnlyForDeploymentPostprocessing = 0;
		};
/* End PBXResourcesBuildPhase section */

/* Begin PBXSourcesBuildPhase section */
		007F333519E85B29009C629C /* Sources */ = {
			isa = PBXSourcesBuildPhase;
			buildActionMask = 2147483647;
			files = (
				007F336819E85BDE009C629C /* CreateAccountViewController.m in Sources */,
				007F334219E85B29009C629C /* AppDelegate.m in Sources */,
				007F336419E85BBB009C629C /* SignInViewController.m in Sources */,
				007F333F19E85B29009C629C /* main.m in Sources */,
				007F336C19E85C68009C629C /* ViewController.m in Sources */,
			);
			runOnlyForDeploymentPostprocessing = 0;
		};
		007F334E19E85B29009C629C /* Sources */ = {
			isa = PBXSourcesBuildPhase;
			buildActionMask = 2147483647;
			files = (
				007F335919E85B29009C629C /* NSUser_Defaulte__Segues__and_Protocols_SolutionTests.m in Sources */,
			);
			runOnlyForDeploymentPostprocessing = 0;
		};
/* End PBXSourcesBuildPhase section */

/* Begin PBXTargetDependency section */
		007F335419E85B29009C629C /* PBXTargetDependency */ = {
			isa = PBXTargetDependency;
			target = 007F333819E85B29009C629C /* NSUser Defaulte, Segues, and Protocols Solution */;
			targetProxy = 007F335319E85B29009C629C /* PBXContainerItemProxy */;
		};
/* End PBXTargetDependency section */

/* Begin PBXVariantGroup section */
		007F334619E85B29009C629C /* Main.storyboard */ = {
			isa = PBXVariantGroup;
			children = (
				007F334719E85B29009C629C /* Base */,
			);
			name = Main.storyboard;
			sourceTree = "<group>";
		};
		007F334B19E85B29009C629C /* LaunchScreen.xib */ = {
			isa = PBXVariantGroup;
			children = (
				007F334C19E85B29009C629C /* Base */,
			);
			name = LaunchScreen.xib;
			sourceTree = "<group>";
		};
/* End PBXVariantGroup section */

/* Begin XCBuildConfiguration section */
		007F335A19E85B29009C629C /* Debug */ = {
			isa = XCBuildConfiguration;
			buildSettings = {
				ALWAYS_SEARCH_USER_PATHS = NO;
				CLANG_CXX_LANGUAGE_STANDARD = "gnu++0x";
				CLANG_CXX_LIBRARY = "libc++";
				CLANG_ENABLE_MODULES = YES;
				CLANG_ENABLE_OBJC_ARC = YES;
				CLANG_WARN_BOOL_CONVERSION = YES;
				CLANG_WARN_CONSTANT_CONVERSION = YES;
				CLANG_WARN_DIRECT_OBJC_ISA_USAGE = YES_ERROR;
				CLANG_WARN_EMPTY_BODY = YES;
				CLANG_WARN_ENUM_CONVERSION = YES;
				CLANG_WARN_INT_CONVERSION = YES;
				CLANG_WARN_OBJC_ROOT_CLASS = YES_ERROR;
				CLANG_WARN_UNREACHABLE_CODE = YES;
				CLANG_WARN__DUPLICATE_METHOD_MATCH = YES;
				"CODE_SIGN_IDENTITY[sdk=iphoneos*]" = "iPhone Developer";
				COPY_PHASE_STRIP = NO;
				ENABLE_STRICT_OBJC_MSGSEND = YES;
				GCC_C_LANGUAGE_STANDARD = gnu99;
				GCC_DYNAMIC_NO_PIC = NO;
				GCC_OPTIMIZATION_LEVEL = 0;
				GCC_PREPROCESSOR_DEFINITIONS = (
					"DEBUG=1",
					"$(inherited)",
				);
				GCC_SYMBOLS_PRIVATE_EXTERN = NO;
				GCC_WARN_64_TO_32_BIT_CONVERSION = YES;
				GCC_WARN_ABOUT_RETURN_TYPE = YES_ERROR;
				GCC_WARN_UNDECLARED_SELECTOR = YES;
				GCC_WARN_UNINITIALIZED_AUTOS = YES_AGGRESSIVE;
				GCC_WARN_UNUSED_FUNCTION = YES;
				GCC_WARN_UNUSED_VARIABLE = YES;
				IPHONEOS_DEPLOYMENT_TARGET = 8.0;
				MTL_ENABLE_DEBUG_INFO = YES;
				ONLY_ACTIVE_ARCH = YES;
				SDKROOT = iphoneos;
			};
			name = Debug;
		};
		007F335B19E85B29009C629C /* Release */ = {
			isa = XCBuildConfiguration;
			buildSettings = {
				ALWAYS_SEARCH_USER_PATHS = NO;
				CLANG_CXX_LANGUAGE_STANDARD = "gnu++0x";
				CLANG_CXX_LIBRARY = "libc++";
				CLANG_ENABLE_MODULES = YES;
				CLANG_ENABLE_OBJC_ARC = YES;
				CLANG_WARN_BOOL_CONVERSION = YES;
				CLANG_WARN_CONSTANT_CONVERSION = YES;
				CLANG_WARN_DIRECT_OBJC_ISA_USAGE = YES_ERROR;
				CLANG_WARN_EMPTY_BODY = YES;
				CLANG_WARN_ENUM_CONVERSION = YES;
				CLANG_WARN_INT_CONVERSION = YES;
				CLANG_WARN_OBJC_ROOT_CLASS = YES_ERROR;
				CLANG_WARN_UNREACHABLE_CODE = YES;
				CLANG_WARN__DUPLICATE_METHOD_MATCH = YES;
				"CODE_SIGN_IDENTITY[sdk=iphoneos*]" = "iPhone Developer";
				COPY_PHASE_STRIP = YES;
				ENABLE_NS_ASSERTIONS = NO;
				ENABLE_STRICT_OBJC_MSGSEND = YES;
				GCC_C_LANGUAGE_STANDARD = gnu99;
				GCC_WARN_64_TO_32_BIT_CONVERSION = YES;
				GCC_WARN_ABOUT_RETURN_TYPE = YES_ERROR;
				GCC_WARN_UNDECLARED_SELECTOR = YES;
				GCC_WARN_UNINITIALIZED_AUTOS = YES_AGGRESSIVE;
				GCC_WARN_UNUSED_FUNCTION = YES;
				GCC_WARN_UNUSED_VARIABLE = YES;
				IPHONEOS_DEPLOYMENT_TARGET = 8.0;
				MTL_ENABLE_DEBUG_INFO = NO;
				SDKROOT = iphoneos;
				VALIDATE_PRODUCT = YES;
			};
			name = Release;
		};
		007F335D19E85B29009C629C /* Debug */ = {
			isa = XCBuildConfiguration;
			buildSettings = {
				ASSETCATALOG_COMPILER_APPICON_NAME = AppIcon;
				INFOPLIST_FILE = "NSUser Defaulte, Segues, and Protocols Solution/Info.plist";
				LD_RUNPATH_SEARCH_PATHS = "$(inherited) @executable_path/Frameworks";
				PRODUCT_NAME = "$(TARGET_NAME)";
			};
			name = Debug;
		};
		007F335E19E85B29009C629C /* Release */ = {
			isa = XCBuildConfiguration;
			buildSettings = {
				ASSETCATALOG_COMPILER_APPICON_NAME = AppIcon;
				INFOPLIST_FILE = "NSUser Defaulte, Segues, and Protocols Solution/Info.plist";
				LD_RUNPATH_SEARCH_PATHS = "$(inherited) @executable_path/Frameworks";
				PRODUCT_NAME = "$(TARGET_NAME)";
			};
			name = Release;
		};
		007F336019E85B29009C629C /* Debug */ = {
			isa = XCBuildConfiguration;
			buildSettings = {
				BUNDLE_LOADER = "$(TEST_HOST)";
				FRAMEWORK_SEARCH_PATHS = (
					"$(SDKROOT)/Developer/Library/Frameworks",
					"$(inherited)",
				);
				GCC_PREPROCESSOR_DEFINITIONS = (
					"DEBUG=1",
					"$(inherited)",
				);
				INFOPLIST_FILE = "NSUser Defaulte, Segues, and Protocols SolutionTests/Info.plist";
				LD_RUNPATH_SEARCH_PATHS = "$(inherited) @executable_path/Frameworks @loader_path/Frameworks";
				PRODUCT_NAME = "$(TARGET_NAME)";
				TEST_HOST = "$(BUILT_PRODUCTS_DIR)/NSUser Defaulte, Segues, and Protocols Solution.app/NSUser Defaulte, Segues, and Protocols Solution";
			};
			name = Debug;
		};
		007F336119E85B29009C629C /* Release */ = {
			isa = XCBuildConfiguration;
			buildSettings = {
				BUNDLE_LOADER = "$(TEST_HOST)";
				FRAMEWORK_SEARCH_PATHS = (
					"$(SDKROOT)/Developer/Library/Frameworks",
					"$(inherited)",
				);
				INFOPLIST_FILE = "NSUser Defaulte, Segues, and Protocols SolutionTests/Info.plist";
				LD_RUNPATH_SEARCH_PATHS = "$(inherited) @executable_path/Frameworks @loader_path/Frameworks";
				PRODUCT_NAME = "$(TARGET_NAME)";
				TEST_HOST = "$(BUILT_PRODUCTS_DIR)/NSUser Defaulte, Segues, and Protocols Solution.app/NSUser Defaulte, Segues, and Protocols Solution";
			};
			name = Release;
		};
/* End XCBuildConfiguration section */

/* Begin XCConfigurationList section */
		007F333419E85B29009C629C /* Build configuration list for PBXProject "NSUser Defaulte, Segues, and Protocols Solution" */ = {
			isa = XCConfigurationList;
			buildConfigurations = (
				007F335A19E85B29009C629C /* Debug */,
				007F335B19E85B29009C629C /* Release */,
			);
			defaultConfigurationIsVisible = 0;
			defaultConfigurationName = Release;
		};
		007F335C19E85B29009C629C /* Build configuration list for PBXNativeTarget "NSUser Defaulte, Segues, and Protocols Solution" */ = {
			isa = XCConfigurationList;
			buildConfigurations = (
				007F335D19E85B29009C629C /* Debug */,
				007F335E19E85B29009C629C /* Release */,
			);
			defaultConfigurationIsVisible = 0;
		};
		007F335F19E85B29009C629C /* Build configuration list for PBXNativeTarget "NSUser Defaulte, Segues, and Protocols SolutionTests" */ = {
			isa = XCConfigurationList;
			buildConfigurations = (
				007F336019E85B29009C629C /* Debug */,
				007F336119E85B29009C629C /* Release */,
			);
			defaultConfigurationIsVisible = 0;
		};
/* End XCConfigurationList section */
	};
	rootObject = 007F333119E85B29009C629C /* Project object */;
}
